
Microsoft Visual Studio Solution File, Format Version 12.00
# Visual Studio Version 17
VisualStudioVersion = 17.5.33516.290
MinimumVisualStudioVersion = 10.0.40219.1
Project("{FAE04EC0-301F-11D3-BF4B-00C04F79EFBC}") = "HelloWorldConsoleApp", "HelloWorldConsoleApp\HelloWorldConsoleApp.csproj", "{500A9D1D-FF77-42DB-B831-B02C4AC8766A}"
EndProject
Global
	GlobalSection(SolutionConfigurationPlatforms) = preSolution
		Debug|Any CPU = Debug|Any CPU
		Release|Any CPU = Release|Any CPU
	EndGlobalSection
	GlobalSection(ProjectConfigurationPlatforms) = postSolution
		{500A9D1D-FF77-42DB-B831-B02C4AC8766A}.Debug|Any CPU.ActiveCfg = Debug|Any CPU
		{500A9D1D-FF77-42DB-B831-B02C4AC8766A}.Debug|Any CPU.Build.0 = Debug|Any CPU
		{500A9D1D-FF77-42DB-B831-B02C4AC8766A}.Release|Any CPU.ActiveCfg = Release|Any CPU
		{500A9D1D-FF77-42DB-B831-B02C4AC8766A}.Release|Any CPU.Build.0 = Release|Any CPU
	EndGlobalSection
	GlobalSection(SolutionProperties) = preSolution
		HideSolutionNode = FALSE
	EndGlobalSection
	GlobalSection(ExtensibilityGlobals) = postSolution
		SolutionGuid = {AACA753C-0BFE-4A4C-B005-16834A293C60}
	EndGlobalSection
EndGlobal
